
Microsoft Visual Studio Solution File, Format Version 12.00
# Visual Studio Version 17
VisualStudioVersion = 17.11.35219.272
MinimumVisualStudioVersion = 10.0.40219.1
Project("{FAE04EC0-301F-11D3-BF4B-00C04F79EFBC}") = "WebApplication6", "WebApplication6\WebApplication6.csproj", "{891B11B3-E094-4929-85E9-4E70C58B343E}"
EndProject
Global
	GlobalSection(SolutionConfigurationPlatforms) = preSolution
		Debug|Any CPU = Debug|Any CPU
		Release|Any CPU = Release|Any CPU
	EndGlobalSection
	GlobalSection(ProjectConfigurationPlatforms) = postSolution
		{891B11B3-E094-4929-85E9-4E70C58B343E}.Debug|Any CPU.ActiveCfg = Debug|Any CPU
		{891B11B3-E094-4929-85E9-4E70C58B343E}.Debug|Any CPU.Build.0 = Debug|Any CPU
		{891B11B3-E094-4929-85E9-4E70C58B343E}.Release|Any CPU.ActiveCfg = Release|Any CPU
		{891B11B3-E094-4929-85E9-4E70C58B343E}.Release|Any CPU.Build.0 = Release|Any CPU
	EndGlobalSection
	GlobalSection(SolutionProperties) = preSolution
		HideSolutionNode = FALSE
	EndGlobalSection
	GlobalSection(ExtensibilityGlobals) = postSolution
		SolutionGuid = {EE02D510-86E5-4AFF-9B1A-F70A0EDA13B5}
	EndGlobalSection
EndGlobal
